
Microsoft Visual Studio Solution File, Format Version 12.00
# Visual Studio 15
VisualStudioVersion = 15.0.27428.2037
MinimumVisualStudioVersion = 10.0.40219.1
Project("{FAE04EC0-301F-11D3-BF4B-00C04F79EFBC}") = "XamerinFinal.Android", "XamerinFinal\XamerinFinal.Android\XamerinFinal.Android.csproj", "{34F828E2-059E-4A29-9334-0E6B0D65F50B}"
EndProject
Project("{FAE04EC0-301F-11D3-BF4B-00C04F79EFBC}") = "XamerinFinal.iOS", "XamerinFinal\XamerinFinal.iOS\XamerinFinal.iOS.csproj", "{47B9C54E-F2A1-4E25-9527-9AD55DED6258}"
EndProject
Project("{FAE04EC0-301F-11D3-BF4B-00C04F79EFBC}") = "XamerinFinal.UWP", "XamerinFinal\XamerinFinal.UWP\XamerinFinal.UWP.csproj", "{A5513C37-251F-4F03-BC8E-1E1C3830DC1D}"
EndProject
Project("{D954291E-2A0B-460D-934E-DC6B0785DB48}") = "XamerinFinal", "XamerinFinal\XamerinFinal\XamerinFinal.shproj", "{887629ED-395C-4530-B14D-AB2ADC1AEA62}"
EndProject
Global
	GlobalSection(SharedMSBuildProjectFiles) = preSolution
		XamerinFinal\XamerinFinal\XamerinFinal.projitems*{34f828e2-059e-4a29-9334-0e6b0d65f50b}*SharedItemsImports = 4
		XamerinFinal\XamerinFinal\XamerinFinal.projitems*{47b9c54e-f2a1-4e25-9527-9ad55ded6258}*SharedItemsImports = 4
		XamerinFinal\XamerinFinal\XamerinFinal.projitems*{887629ed-395c-4530-b14d-ab2adc1aea62}*SharedItemsImports = 13
		XamerinFinal\XamerinFinal\XamerinFinal.projitems*{a5513c37-251f-4f03-bc8e-1e1c3830dc1d}*SharedItemsImports = 4
	EndGlobalSection
	GlobalSection(SolutionConfigurationPlatforms) = preSolution
		Ad-Hoc|Any CPU = Ad-Hoc|Any CPU
		Ad-Hoc|ARM = Ad-Hoc|ARM
		Ad-Hoc|iPhone = Ad-Hoc|iPhone
		Ad-Hoc|iPhoneSimulator = Ad-Hoc|iPhoneSimulator
		Ad-Hoc|x64 = Ad-Hoc|x64
		Ad-Hoc|x86 = Ad-Hoc|x86
		AppStore|Any CPU = AppStore|Any CPU
		AppStore|ARM = AppStore|ARM
		AppStore|iPhone = AppStore|iPhone
		AppStore|iPhoneSimulator = AppStore|iPhoneSimulator
		AppStore|x64 = AppStore|x64
		AppStore|x86 = AppStore|x86
		Debug|Any CPU = Debug|Any CPU
		Debug|ARM = Debug|ARM
		Debug|iPhone = Debug|iPhone
		Debug|iPhoneSimulator = Debug|iPhoneSimulator
		Debug|x64 = Debug|x64
		Debug|x86 = Debug|x86
		Release|Any CPU = Release|Any CPU
		Release|ARM = Release|ARM
		Release|iPhone = Release|iPhone
		Release|iPhoneSimulator = Release|iPhoneSimulator
		Release|x64 = Release|x64
		Release|x86 = Release|x86
	EndGlobalSection
	GlobalSection(ProjectConfigurationPlatforms) = postSolution
		{34F828E2-059E-4A29-9334-0E6B0D65F50B}.Ad-Hoc|Any CPU.ActiveCfg = Release|Any CPU
		{34F828E2-059E-4A29-9334-0E6B0D65F50B}.Ad-Hoc|Any CPU.Build.0 = Release|Any CPU
		{34F828E2-059E-4A29-9334-0E6B0D65F50B}.Ad-Hoc|Any CPU.Deploy.0 = Release|Any CPU
		{34F828E2-059E-4A29-9334-0E6B0D65F50B}.Ad-Hoc|ARM.ActiveCfg = Release|Any CPU
		{34F828E2-059E-4A29-9334-0E6B0D65F50B}.Ad-Hoc|ARM.Build.0 = Release|Any CPU
		{34F828E2-059E-4A29-9334-0E6B0D65F50B}.Ad-Hoc|ARM.Deploy.0 = Release|Any CPU
		{34F828E2-059E-4A29-9334-0E6B0D65F50B}.Ad-Hoc|iPhone.ActiveCfg = Release|Any CPU
		{34F828E2-059E-4A29-9334-0E6B0D65F50B}.Ad-Hoc|iPhone.Build.0 = Release|Any CPU
		{34F828E2-059E-4A29-9334-0E6B0D65F50B}.Ad-Hoc|iPhone.Deploy.0 = Release|Any CPU
		{34F828E2-059E-4A29-9334-0E6B0D65F50B}.Ad-Hoc|iPhoneSimulator.ActiveCfg = Release|Any CPU
		{34F828E2-059E-4A29-9334-0E6B0D65F50B}.Ad-Hoc|iPhoneSimulator.Build.0 = Release|Any CPU
		{34F828E2-059E-4A29-9334-0E6B0D65F50B}.Ad-Hoc|iPhoneSimulator.Deploy.0 = Release|Any CPU
		{34F828E2-059E-4A29-9334-0E6B0D65F50B}.Ad-Hoc|x64.ActiveCfg = Release|Any CPU
		{34F828E2-059E-4A29-9334-0E6B0D65F50B}.Ad-Hoc|x64.Build.0 = Release|Any CPU
		{34F828E2-059E-4A29-9334-0E6B0D65F50B}.Ad-Hoc|x64.Deploy.0 = Release|Any CPU
		{34F828E2-059E-4A29-9334-0E6B0D65F50B}.Ad-Hoc|x86.ActiveCfg = Release|Any CPU
		{34F828E2-059E-4A29-9334-0E6B0D65F50B}.Ad-Hoc|x86.Build.0 = Release|Any CPU
		{34F828E2-059E-4A29-9334-0E6B0D65F50B}.Ad-Hoc|x86.Deploy.0 = Release|Any CPU
		{34F828E2-059E-4A29-9334-0E6B0D65F50B}.AppStore|Any CPU.ActiveCfg = Release|Any CPU
		{34F828E2-059E-4A29-9334-0E6B0D65F50B}.AppStore|Any CPU.Build.0 = Release|Any CPU
		{34F828E2-059E-4A29-9334-0E6B0D65F50B}.AppStore|Any CPU.Deploy.0 = Release|Any CPU
		{34F828E2-059E-4A29-9334-0E6B0D65F50B}.AppStore|ARM.ActiveCfg = Release|Any CPU
		{34F828E2-059E-4A29-9334-0E6B0D65F50B}.AppStore|ARM.Build.0 = Release|Any CPU
		{34F828E2-059E-4A29-9334-0E6B0D65F50B}.AppStore|ARM.Deploy.0 = Release|Any CPU
		{34F828E2-059E-4A29-9334-0E6B0D65F50B}.AppStore|iPhone.ActiveCfg = Release|Any CPU
		{34F828E2-059E-4A29-9334-0E6B0D65F50B}.AppStore|iPhone.Build.0 = Release|Any CPU
		{34F828E2-059E-4A29-9334-0E6B0D65F50B}.AppStore|iPhone.Deploy.0 = Release|Any CPU
		{34F828E2-059E-4A29-9334-0E6B0D65F50B}.AppStore|iPhoneSimulator.ActiveCfg = Release|Any CPU
		{34F828E2-059E-4A29-9334-0E6B0D65F50B}.AppStore|iPhoneSimulator.Build.0 = Release|Any CPU
		{34F828E2-059E-4A29-9334-0E6B0D65F50B}.AppStore|iPhoneSimulator.Deploy.0 = Release|Any CPU
		{34F828E2-059E-4A29-9334-0E6B0D65F50B}.AppStore|x64.ActiveCfg = Release|Any CPU
		{34F828E2-059E-4A29-9334-0E6B0D65F50B}.AppStore|x64.Build.0 = Release|Any CPU
		{34F828E2-059E-4A29-9334-0E6B0D65F50B}.AppStore|x64.Deploy.0 = Release|Any CPU
		{34F828E2-059E-4A29-9334-0E6B0D65F50B}.AppStore|x86.ActiveCfg = Release|Any CPU
		{34F828E2-059E-4A29-9334-0E6B0D65F50B}.AppStore|x86.Build.0 = Release|Any CPU
		{34F828E2-059E-4A29-9334-0E6B0D65F50B}.AppStore|x86.Deploy.0 = Release|Any CPU
		{34F828E2-059E-4A29-9334-0E6B0D65F50B}.Debug|Any CPU.ActiveCfg = Debug|Any CPU
		{34F828E2-059E-4A29-9334-0E6B0D65F50B}.Debug|Any CPU.Build.0 = Debug|Any CPU
		{34F828E2-059E-4A29-9334-0E6B0D65F50B}.Debug|Any CPU.Deploy.0 = Debug|Any CPU
		{34F828E2-059E-4A29-9334-0E6B0D65F50B}.Debug|ARM.ActiveCfg = Debug|Any CPU
		{34F828E2-059E-4A29-9334-0E6B0D65F50B}.Debug|ARM.Build.0 = Debug|Any CPU
		{34F828E2-059E-4A29-9334-0E6B0D65F50B}.Debug|ARM.Deploy.0 = Debug|Any CPU
		{34F828E2-059E-4A29-9334-0E6B0D65F50B}.Debug|iPhone.ActiveCfg = Debug|Any CPU
		{34F828E2-059E-4A29-9334-0E6B0D65F50B}.Debug|iPhone.Build.0 = Debug|Any CPU
		{34F828E2-059E-4A29-9334-0E6B0D65F50B}.Debug|iPhone.Deploy.0 = Debug|Any CPU
		{34F828E2-059E-4A29-9334-0E6B0D65F50B}.Debug|iPhoneSimulator.ActiveCfg = Debug|Any CPU
		{34F828E2-059E-4A29-9334-0E6B0D65F50B}.Debug|iPhoneSimulator.Build.0 = Debug|Any CPU
		{34F828E2-059E-4A29-9334-0E6B0D65F50B}.Debug|iPhoneSimulator.Deploy.0 = Debug|Any CPU
		{34F828E2-059E-4A29-9334-0E6B0D65F50B}.Debug|x64.ActiveCfg = Debug|Any CPU
		{34F828E2-059E-4A29-9334-0E6B0D65F50B}.Debug|x64.Build.0 = Debug|Any CPU
		{34F828E2-059E-4A29-9334-0E6B0D65F50B}.Debug|x64.Deploy.0 = Debug|Any CPU
		{34F828E2-059E-4A29-9334-0E6B0D65F50B}.Debug|x86.ActiveCfg = Debug|Any CPU
		{34F828E2-059E-4A29-9334-0E6B0D65F50B}.Debug|x86.Build.0 = Debug|Any CPU
		{34F828E2-059E-4A29-9334-0E6B0D65F50B}.Debug|x86.Deploy.0 = Debug|Any CPU
		{34F828E2-059E-4A29-9334-0E6B0D65F50B}.Release|Any CPU.ActiveCfg = Release|Any CPU
		{34F828E2-059E-4A29-9334-0E6B0D65F50B}.Release|Any CPU.Build.0 = Release|Any CPU
		{34F828E2-059E-4A29-9334-0E6B0D65F50B}.Release|Any CPU.Deploy.0 = Release|Any CPU
		{34F828E2-059E-4A29-9334-0E6B0D65F50B}.Release|ARM.ActiveCfg = Release|Any CPU
		{34F828E2-059E-4A29-9334-0E6B0D65F50B}.Release|ARM.Build.0 = Release|Any CPU
		{34F828E2-059E-4A29-9334-0E6B0D65F50B}.Release|ARM.Deploy.0 = Release|Any CPU
		{34F828E2-059E-4A29-9334-0E6B0D65F50B}.Release|iPhone.ActiveCfg = Release|Any CPU
		{34F828E2-059E-4A29-9334-0E6B0D65F50B}.Release|iPhone.Build.0 = Release|Any CPU
		{34F828E2-059E-4A29-9334-0E6B0D65F50B}.Release|iPhone.Deploy.0 = Release|Any CPU
		{34F828E2-059E-4A29-9334-0E6B0D65F50B}.Release|iPhoneSimulator.ActiveCfg = Release|Any CPU
		{34F828E2-059E-4A29-9334-0E6B0D65F50B}.Release|iPhoneSimulator.Build.0 = Release|Any CPU
		{34F828E2-059E-4A29-9334-0E6B0D65F50B}.Release|iPhoneSimulator.Deploy.0 = Release|Any CPU
		{34F828E2-059E-4A29-9334-0E6B0D65F50B}.Release|x64.ActiveCfg = Release|Any CPU
		{34F828E2-059E-4A29-9334-0E6B0D65F50B}.Release|x64.Build.0 = Release|Any CPU
		{34F828E2-059E-4A29-9334-0E6B0D65F50B}.Release|x64.Deploy.0 = Release|Any CPU
		{34F828E2-059E-4A29-9334-0E6B0D65F50B}.Release|x86.ActiveCfg = Release|Any CPU
		{34F828E2-059E-4A29-9334-0E6B0D65F50B}.Release|x86.Build.0 = Release|Any CPU
		{34F828E2-059E-4A29-9334-0E6B0D65F50B}.Release|x86.Deploy.0 = Release|Any CPU
		{47B9C54E-F2A1-4E25-9527-9AD55DED6258}.Ad-Hoc|Any CPU.ActiveCfg = Ad-Hoc|iPhone
		{47B9C54E-F2A1-4E25-9527-9AD55DED6258}.Ad-Hoc|ARM.ActiveCfg = Ad-Hoc|iPhone
		{47B9C54E-F2A1-4E25-9527-9AD55DED6258}.Ad-Hoc|iPhone.ActiveCfg = Ad-Hoc|iPhone
		{47B9C54E-F2A1-4E25-9527-9AD55DED6258}.Ad-Hoc|iPhone.Build.0 = Ad-Hoc|iPhone
		{47B9C54E-F2A1-4E25-9527-9AD55DED6258}.Ad-Hoc|iPhoneSimulator.ActiveCfg = Ad-Hoc|iPhoneSimulator
		{47B9C54E-F2A1-4E25-9527-9AD55DED6258}.Ad-Hoc|iPhoneSimulator.Build.0 = Ad-Hoc|iPhoneSimulator
		{47B9C54E-F2A1-4E25-9527-9AD55DED6258}.Ad-Hoc|x64.ActiveCfg = Ad-Hoc|iPhone
		{47B9C54E-F2A1-4E25-9527-9AD55DED6258}.Ad-Hoc|x86.ActiveCfg = Ad-Hoc|iPhone
		{47B9C54E-F2A1-4E25-9527-9AD55DED6258}.AppStore|Any CPU.ActiveCfg = AppStore|iPhone
		{47B9C54E-F2A1-4E25-9527-9AD55DED6258}.AppStore|ARM.ActiveCfg = AppStore|iPhone
		{47B9C54E-F2A1-4E25-9527-9AD55DED6258}.AppStore|iPhone.ActiveCfg = AppStore|iPhone
		{47B9C54E-F2A1-4E25-9527-9AD55DED6258}.AppStore|iPhone.Build.0 = AppStore|iPhone
		{47B9C54E-F2A1-4E25-9527-9AD55DED6258}.AppStore|iPhoneSimulator.ActiveCfg = AppStore|iPhoneSimulator
		{47B9C54E-F2A1-4E25-9527-9AD55DED6258}.AppStore|iPhoneSimulator.Build.0 = AppStore|iPhoneSimulator
		{47B9C54E-F2A1-4E25-9527-9AD55DED6258}.AppStore|x64.ActiveCfg = AppStore|iPhone
		{47B9C54E-F2A1-4E25-9527-9AD55DED6258}.AppStore|x86.ActiveCfg = AppStore|iPhone
		{47B9C54E-F2A1-4E25-9527-9AD55DED6258}.Debug|Any CPU.ActiveCfg = Debug|iPhone
		{47B9C54E-F2A1-4E25-9527-9AD55DED6258}.Debug|ARM.ActiveCfg = Debug|iPhone
		{47B9C54E-F2A1-4E25-9527-9AD55DED6258}.Debug|iPhone.ActiveCfg = Debug|iPhone
		{47B9C54E-F2A1-4E25-9527-9AD55DED6258}.Debug|iPhone.Build.0 = Debug|iPhone
		{47B9C54E-F2A1-4E25-9527-9AD55DED6258}.Debug|iPhoneSimulator.ActiveCfg = Debug|iPhoneSimulator
		{47B9C54E-F2A1-4E25-9527-9AD55DED6258}.Debug|iPhoneSimulator.Build.0 = Debug|iPhoneSimulator
		{47B9C54E-F2A1-4E25-9527-9AD55DED6258}.Debug|x64.ActiveCfg = Debug|iPhone
		{47B9C54E-F2A1-4E25-9527-9AD55DED6258}.Debug|x86.ActiveCfg = Debug|iPhone
		{47B9C54E-F2A1-4E25-9527-9AD55DED6258}.Debug|x86.Build.0 = Debug|iPhone
		{47B9C54E-F2A1-4E25-9527-9AD55DED6258}.Release|Any CPU.ActiveCfg = Release|iPhone
		{47B9C54E-F2A1-4E25-9527-9AD55DED6258}.Release|ARM.ActiveCfg = Release|iPhone
		{47B9C54E-F2A1-4E25-9527-9AD55DED6258}.Release|iPhone.ActiveCfg = Release|iPhone
		{47B9C54E-F2A1-4E25-9527-9AD55DED6258}.Release|iPhone.Build.0 = Release|iPhone
		{47B9C54E-F2A1-4E25-9527-9AD55DED6258}.Release|iPhoneSimulator.ActiveCfg = Release|iPhoneSimulator
		{47B9C54E-F2A1-4E25-9527-9AD55DED6258}.Release|iPhoneSimulator.Build.0 = Release|iPhoneSimulator
		{47B9C54E-F2A1-4E25-9527-9AD55DED6258}.Release|x64.ActiveCfg = Release|iPhone
		{47B9C54E-F2A1-4E25-9527-9AD55DED6258}.Release|x86.ActiveCfg = Release|iPhone
		{A5513C37-251F-4F03-BC8E-1E1C3830DC1D}.Ad-Hoc|Any CPU.ActiveCfg = Release|x86
		{A5513C37-251F-4F03-BC8E-1E1C3830DC1D}.Ad-Hoc|Any CPU.Build.0 = Release|x86
		{A5513C37-251F-4F03-BC8E-1E1C3830DC1D}.Ad-Hoc|Any CPU.Deploy.0 = Release|x86
		{A5513C37-251F-4F03-BC8E-1E1C3830DC1D}.Ad-Hoc|ARM.ActiveCfg = Release|ARM
		{A5513C37-251F-4F03-BC8E-1E1C3830DC1D}.Ad-Hoc|ARM.Build.0 = Release|ARM
		{A5513C37-251F-4F03-BC8E-1E1C3830DC1D}.Ad-Hoc|ARM.Deploy.0 = Release|ARM
		{A5513C37-251F-4F03-BC8E-1E1C3830DC1D}.Ad-Hoc|iPhone.ActiveCfg = Release|x86
		{A5513C37-251F-4F03-BC8E-1E1C3830DC1D}.Ad-Hoc|iPhone.Build.0 = Release|x86
		{A5513C37-251F-4F03-BC8E-1E1C3830DC1D}.Ad-Hoc|iPhone.Deploy.0 = Release|x86
		{A5513C37-251F-4F03-BC8E-1E1C3830DC1D}.Ad-Hoc|iPhoneSimulator.ActiveCfg = Release|x86
		{A5513C37-251F-4F03-BC8E-1E1C3830DC1D}.Ad-Hoc|iPhoneSimulator.Build.0 = Release|x86
		{A5513C37-251F-4F03-BC8E-1E1C3830DC1D}.Ad-Hoc|iPhoneSimulator.Deploy.0 = Release|x86
		{A5513C37-251F-4F03-BC8E-1E1C3830DC1D}.Ad-Hoc|x64.ActiveCfg = Release|x64
		{A5513C37-251F-4F03-BC8E-1E1C3830DC1D}.Ad-Hoc|x64.Build.0 = Release|x64
		{A5513C37-251F-4F03-BC8E-1E1C3830DC1D}.Ad-Hoc|x64.Deploy.0 = Release|x64
		{A5513C37-251F-4F03-BC8E-1E1C3830DC1D}.Ad-Hoc|x86.ActiveCfg = Release|x86
		{A5513C37-251F-4F03-BC8E-1E1C3830DC1D}.Ad-Hoc|x86.Build.0 = Release|x86
		{A5513C37-251F-4F03-BC8E-1E1C3830DC1D}.Ad-Hoc|x86.Deploy.0 = Release|x86
		{A5513C37-251F-4F03-BC8E-1E1C3830DC1D}.AppStore|Any CPU.ActiveCfg = Release|x86
		{A5513C37-251F-4F03-BC8E-1E1C3830DC1D}.AppStore|Any CPU.Build.0 = Release|x86
		{A5513C37-251F-4F03-BC8E-1E1C3830DC1D}.AppStore|Any CPU.Deploy.0 = Release|x86
		{A5513C37-251F-4F03-BC8E-1E1C3830DC1D}.AppStore|ARM.ActiveCfg = Release|ARM
		{A5513C37-251F-4F03-BC8E-1E1C3830DC1D}.AppStore|ARM.Build.0 = Release|ARM
		{A5513C37-251F-4F03-BC8E-1E1C3830DC1D}.AppStore|ARM.Deploy.0 = Release|ARM
		{A5513C37-251F-4F03-BC8E-1E1C3830DC1D}.AppStore|iPhone.ActiveCfg = Release|x86
		{A5513C37-251F-4F03-BC8E-1E1C3830DC1D}.AppStore|iPhone.Build.0 = Release|x86
		{A5513C37-251F-4F03-BC8E-1E1C3830DC1D}.AppStore|iPhone.Deploy.0 = Release|x86
		{A5513C37-251F-4F03-BC8E-1E1C3830DC1D}.AppStore|iPhoneSimulator.ActiveCfg = Release|x86
		{A5513C37-251F-4F03-BC8E-1E1C3830DC1D}.AppStore|iPhoneSimulator.Build.0 = Release|x86
		{A5513C37-251F-4F03-BC8E-1E1C3830DC1D}.AppStore|iPhoneSimulator.Deploy.0 = Release|x86
		{A5513C37-251F-4F03-BC8E-1E1C3830DC1D}.AppStore|x64.ActiveCfg = Release|x64
		{A5513C37-251F-4F03-BC8E-1E1C3830DC1D}.AppStore|x64.Build.0 = Release|x64
		{A5513C37-251F-4F03-BC8E-1E1C3830DC1D}.AppStore|x64.Deploy.0 = Release|x64
		{A5513C37-251F-4F03-BC8E-1E1C3830DC1D}.AppStore|x86.ActiveCfg = Release|x86
		{A5513C37-251F-4F03-BC8E-1E1C3830DC1D}.AppStore|x86.Build.0 = Release|x86
		{A5513C37-251F-4F03-BC8E-1E1C3830DC1D}.AppStore|x86.Deploy.0 = Release|x86
		{A5513C37-251F-4F03-BC8E-1E1C3830DC1D}.Debug|Any CPU.ActiveCfg = Debug|x86
		{A5513C37-251F-4F03-BC8E-1E1C3830DC1D}.Debug|ARM.ActiveCfg = Debug|ARM
		{A5513C37-251F-4F03-BC8E-1E1C3830DC1D}.Debug|ARM.Build.0 = Debug|ARM
		{A5513C37-251F-4F03-BC8E-1E1C3830DC1D}.Debug|ARM.Deploy.0 = Debug|ARM
		{A5513C37-251F-4F03-BC8E-1E1C3830DC1D}.Debug|iPhone.ActiveCfg = Debug|x86
		{A5513C37-251F-4F03-BC8E-1E1C3830DC1D}.Debug|iPhoneSimulator.ActiveCfg = Debug|x86
		{A5513C37-251F-4F03-BC8E-1E1C3830DC1D}.Debug|x64.ActiveCfg = Debug|x64
		{A5513C37-251F-4F03-BC8E-1E1C3830DC1D}.Debug|x64.Build.0 = Debug|x64
		{A5513C37-251F-4F03-BC8E-1E1C3830DC1D}.Debug|x64.Deploy.0 = Debug|x64
		{A5513C37-251F-4F03-BC8E-1E1C3830DC1D}.Debug|x86.ActiveCfg = Debug|x86
		{A5513C37-251F-4F03-BC8E-1E1C3830DC1D}.Debug|x86.Build.0 = Debug|x86
		{A5513C37-251F-4F03-BC8E-1E1C3830DC1D}.Debug|x86.Deploy.0 = Debug|x86
		{A5513C37-251F-4F03-BC8E-1E1C3830DC1D}.Release|Any CPU.ActiveCfg = Release|x86
		{A5513C37-251F-4F03-BC8E-1E1C3830DC1D}.Release|ARM.ActiveCfg = Release|ARM
		{A5513C37-251F-4F03-BC8E-1E1C3830DC1D}.Release|ARM.Build.0 = Release|ARM
		{A5513C37-251F-4F03-BC8E-1E1C3830DC1D}.Release|ARM.Deploy.0 = Release|ARM
		{A5513C37-251F-4F03-BC8E-1E1C3830DC1D}.Release|iPhone.ActiveCfg = Release|x86
		{A5513C37-251F-4F03-BC8E-1E1C3830DC1D}.Release|iPhoneSimulator.ActiveCfg = Release|x86
		{A5513C37-251F-4F03-BC8E-1E1C3830DC1D}.Release|x64.ActiveCfg = Release|x64
		{A5513C37-251F-4F03-BC8E-1E1C3830DC1D}.Release|x64.Build.0 = Release|x64
		{A5513C37-251F-4F03-BC8E-1E1C3830DC1D}.Release|x64.Deploy.0 = Release|x64
		{A5513C37-251F-4F03-BC8E-1E1C3830DC1D}.Release|x86.ActiveCfg = Release|x86
		{A5513C37-251F-4F03-BC8E-1E1C3830DC1D}.Release|x86.Build.0 = Release|x86
		{A5513C37-251F-4F03-BC8E-1E1C3830DC1D}.Release|x86.Deploy.0 = Release|x86
	EndGlobalSection
	GlobalSection(SolutionProperties) = preSolution
		HideSolutionNode = FALSE
	EndGlobalSection
	GlobalSection(ExtensibilityGlobals) = postSolution
		SolutionGuid = {B35D31B1-5F4C-4860-95AB-1D6FBDBFA404}
	EndGlobalSection
EndGlobal
